
Microsoft Visual Studio Solution File, Format Version 12.00
# Visual Studio Version 16
VisualStudioVersion = 16.0.29102.190
MinimumVisualStudioVersion = 10.0.40219.1
Project("{9A19103F-16F7-4668-BE54-9A1E7A4F7556}") = "Graficas.WEB", "Graficas.WEB\Graficas.WEB.csproj", "{B9DAFEFC-31FD-48D5-8D51-47D31303D8EB}"
EndProject
Project("{9A19103F-16F7-4668-BE54-9A1E7A4F7556}") = "Graficas.Models", "Graficas.Models\Graficas.Models.csproj", "{A9B8BD44-E8BE-4AA4-A505-AFB62B79C544}"
EndProject
Project("{9A19103F-16F7-4668-BE54-9A1E7A4F7556}") = "Graficas.BLL", "Graficas.BLL\Graficas.BLL.csproj", "{EF51F0C5-8D08-4D1E-9108-3DA4355F6F49}"
EndProject
Project("{9A19103F-16F7-4668-BE54-9A1E7A4F7556}") = "Graficas.DAL", "Graficas.DAL\Graficas.DAL.csproj", "{A400076E-EC07-410B-B886-A12CFA7050EE}"
EndProject
Project("{E53339B2-1760-4266-BCC7-CA923CBCF16C}") = "docker-compose", "docker-compose.dcproj", "{EAE23CC3-DCC5-4974-B809-D9E4C5146191}"
EndProject
Global
	GlobalSection(SolutionConfigurationPlatforms) = preSolution
		Debug|Any CPU = Debug|Any CPU
		Release|Any CPU = Release|Any CPU
	EndGlobalSection
	GlobalSection(ProjectConfigurationPlatforms) = postSolution
		{B9DAFEFC-31FD-48D5-8D51-47D31303D8EB}.Debug|Any CPU.ActiveCfg = Debug|Any CPU
		{B9DAFEFC-31FD-48D5-8D51-47D31303D8EB}.Debug|Any CPU.Build.0 = Debug|Any CPU
		{B9DAFEFC-31FD-48D5-8D51-47D31303D8EB}.Release|Any CPU.ActiveCfg = Release|Any CPU
		{B9DAFEFC-31FD-48D5-8D51-47D31303D8EB}.Release|Any CPU.Build.0 = Release|Any CPU
		{A9B8BD44-E8BE-4AA4-A505-AFB62B79C544}.Debug|Any CPU.ActiveCfg = Debug|Any CPU
		{A9B8BD44-E8BE-4AA4-A505-AFB62B79C544}.Debug|Any CPU.Build.0 = Debug|Any CPU
		{A9B8BD44-E8BE-4AA4-A505-AFB62B79C544}.Release|Any CPU.ActiveCfg = Release|Any CPU
		{A9B8BD44-E8BE-4AA4-A505-AFB62B79C544}.Release|Any CPU.Build.0 = Release|Any CPU
		{EF51F0C5-8D08-4D1E-9108-3DA4355F6F49}.Debug|Any CPU.ActiveCfg = Debug|Any CPU
		{EF51F0C5-8D08-4D1E-9108-3DA4355F6F49}.Debug|Any CPU.Build.0 = Debug|Any CPU
		{EF51F0C5-8D08-4D1E-9108-3DA4355F6F49}.Release|Any CPU.ActiveCfg = Release|Any CPU
		{EF51F0C5-8D08-4D1E-9108-3DA4355F6F49}.Release|Any CPU.Build.0 = Release|Any CPU
		{A400076E-EC07-410B-B886-A12CFA7050EE}.Debug|Any CPU.ActiveCfg = Debug|Any CPU
		{A400076E-EC07-410B-B886-A12CFA7050EE}.Debug|Any CPU.Build.0 = Debug|Any CPU
		{A400076E-EC07-410B-B886-A12CFA7050EE}.Release|Any CPU.ActiveCfg = Release|Any CPU
		{A400076E-EC07-410B-B886-A12CFA7050EE}.Release|Any CPU.Build.0 = Release|Any CPU
		{EAE23CC3-DCC5-4974-B809-D9E4C5146191}.Debug|Any CPU.ActiveCfg = Debug|Any CPU
		{EAE23CC3-DCC5-4974-B809-D9E4C5146191}.Debug|Any CPU.Build.0 = Debug|Any CPU
		{EAE23CC3-DCC5-4974-B809-D9E4C5146191}.Release|Any CPU.ActiveCfg = Release|Any CPU
		{EAE23CC3-DCC5-4974-B809-D9E4C5146191}.Release|Any CPU.Build.0 = Release|Any CPU
	EndGlobalSection
	GlobalSection(SolutionProperties) = preSolution
		HideSolutionNode = FALSE
	EndGlobalSection
	GlobalSection(ExtensibilityGlobals) = postSolution
		SolutionGuid = {CE79D191-FBA5-47DB-863A-A99E5F8DF2CE}
	EndGlobalSection
EndGlobal
